{
  "version": 4,
  "terraform_version": "1.3.2",
  "serial": 20,
  "lineage": "5913fa0a-1f61-61e9-8191-d67b88e33835",
  "outputs": {},
  "resources": [
    {
      "mode": "data",
      "type": "aws_ami",
      "name": "ubuntu",
      "provider": "provider[\"registry.terraform.io/hashicorp/aws\"]",
      "instances": [
        {
          "schema_version": 0,
          "attributes": {
            "architecture": "x86_64",
            "arn": "arn:aws:ec2:ap-northeast-2::image/ami-034000b759564de42",
            "block_device_mappings": [
              {
                "device_name": "/dev/sda1",
                "ebs": {
                  "delete_on_termination": "true",
                  "encrypted": "false",
                  "iops": "0",
                  "snapshot_id": "snap-044333a8824542d91",
                  "throughput": "0",
                  "volume_size": "8",
                  "volume_type": "gp2"
                },
                "no_device": "",
                "virtual_name": ""
              },
              {
                "device_name": "/dev/sdb",
                "ebs": {},
                "no_device": "",
                "virtual_name": "ephemeral0"
              },
              {
                "device_name": "/dev/sdc",
                "ebs": {},
                "no_device": "",
                "virtual_name": "ephemeral1"
              }
            ],
            "boot_mode": "",
            "creation_date": "2023-03-03T03:10:03.000Z",
            "deprecation_time": "2025-03-03T03:10:03.000Z",
            "description": "Canonical, Ubuntu, 22.04 LTS, amd64 jammy image build on 2023-03-03",
            "ena_support": true,
            "executable_users": null,
            "filter": [
              {
                "name": "name",
                "values": [
                  "ubuntu/images/hvm-ssd/ubuntu-jammy-22.04-amd64-server-*"
                ]
              },
              {
                "name": "virtualization-type",
                "values": [
                  "hvm"
                ]
              }
            ],
            "hypervisor": "xen",
            "id": "ami-034000b759564de42",
            "image_id": "ami-034000b759564de42",
            "image_location": "amazon/ubuntu/images/hvm-ssd/ubuntu-jammy-22.04-amd64-server-20230303",
            "image_owner_alias": "amazon",
            "image_type": "machine",
            "imds_support": "",
            "include_deprecated": false,
            "kernel_id": "",
            "most_recent": true,
            "name": "ubuntu/images/hvm-ssd/ubuntu-jammy-22.04-amd64-server-20230303",
            "name_regex": null,
            "owner_id": "099720109477",
            "owners": [
              "099720109477"
            ],
            "platform": "",
            "platform_details": "Linux/UNIX",
            "product_codes": [],
            "public": true,
            "ramdisk_id": "",
            "root_device_name": "/dev/sda1",
            "root_device_type": "ebs",
            "root_snapshot_id": "snap-044333a8824542d91",
            "sriov_net_support": "simple",
            "state": "available",
            "state_reason": {
              "code": "UNSET",
              "message": "UNSET"
            },
            "tags": {},
            "timeouts": null,
            "tpm_support": "",
            "usage_operation": "RunInstances",
            "virtualization_type": "hvm"
          },
          "sensitive_attributes": []
        }
      ]
    },
    {
      "mode": "managed",
      "type": "aws_eip",
      "name": "eip",
      "provider": "provider[\"registry.terraform.io/hashicorp/aws\"]",
      "instances": [
        {
          "index_key": 0,
          "schema_version": 0,
          "attributes": {
            "address": null,
            "allocation_id": "eipalloc-0d9498f2dc66bcba0",
            "associate_with_private_ip": null,
            "association_id": "eipassoc-095aefcb475435edc",
            "carrier_ip": "",
            "customer_owned_ip": "",
            "customer_owned_ipv4_pool": "",
            "domain": "vpc",
            "id": "eipalloc-0d9498f2dc66bcba0",
            "instance": "i-0467b0537c06432ce",
            "network_border_group": "ap-northeast-2",
            "network_interface": "eni-0b25e0dbfc2db966b",
            "private_dns": "ip-192-168-224-217.ap-northeast-2.compute.internal",
            "private_ip": "192.168.224.217",
            "public_dns": "ec2-52-78-251-181.ap-northeast-2.compute.amazonaws.com",
            "public_ip": "52.78.251.181",
            "public_ipv4_pool": "amazon",
            "tags": {
              "Name": "clever-vsup_eip",
              "kubernetes.io/cluster/clever-vsup": "owned"
            },
            "tags_all": {
              "Name": "clever-vsup_eip",
              "kubernetes.io/cluster/clever-vsup": "owned"
            },
            "timeouts": null,
            "vpc": true
          },
          "sensitive_attributes": [],
          "private": "eyJlMmJmYjczMC1lY2FhLTExZTYtOGY4OC0zNDM2M2JjN2M0YzAiOnsiZGVsZXRlIjoxODAwMDAwMDAwMDAsInJlYWQiOjkwMDAwMDAwMDAwMCwidXBkYXRlIjozMDAwMDAwMDAwMDB9fQ==",
          "dependencies": [
            "aws_iam_instance_profile.ec2_k8s_master_profile",
            "aws_iam_role.ec2_k8s_master_role",
            "aws_instance.instance",
            "aws_internet_gateway.internet_gateway",
            "aws_key_pair.key_pair",
            "aws_security_group.default_sg",
            "aws_subnet.subnet",
            "aws_vpc.vpc",
            "data.aws_ami.ubuntu"
          ]
        },
        {
          "index_key": 1,
          "schema_version": 0,
          "attributes": {
            "address": null,
            "allocation_id": "eipalloc-041ac37d8cb89bf97",
            "associate_with_private_ip": null,
            "association_id": "eipassoc-0234f8a3a6ca51210",
            "carrier_ip": "",
            "customer_owned_ip": "",
            "customer_owned_ipv4_pool": "",
            "domain": "vpc",
            "id": "eipalloc-041ac37d8cb89bf97",
            "instance": "i-06a4aa38a30d1f076",
            "network_border_group": "ap-northeast-2",
            "network_interface": "eni-0cd4259832b114ae4",
            "private_dns": "ip-192-168-47-189.ap-northeast-2.compute.internal",
            "private_ip": "192.168.47.189",
            "public_dns": "ec2-52-78-197-96.ap-northeast-2.compute.amazonaws.com",
            "public_ip": "52.78.197.96",
            "public_ipv4_pool": "amazon",
            "tags": {
              "Name": "clever-vsup_eip",
              "kubernetes.io/cluster/clever-vsup": "owned"
            },
            "tags_all": {
              "Name": "clever-vsup_eip",
              "kubernetes.io/cluster/clever-vsup": "owned"
            },
            "timeouts": null,
            "vpc": true
          },
          "sensitive_attributes": [],
          "private": "eyJlMmJmYjczMC1lY2FhLTExZTYtOGY4OC0zNDM2M2JjN2M0YzAiOnsiZGVsZXRlIjoxODAwMDAwMDAwMDAsInJlYWQiOjkwMDAwMDAwMDAwMCwidXBkYXRlIjozMDAwMDAwMDAwMDB9fQ==",
          "dependencies": [
            "aws_iam_instance_profile.ec2_k8s_master_profile",
            "aws_iam_role.ec2_k8s_master_role",
            "aws_instance.instance",
            "aws_internet_gateway.internet_gateway",
            "aws_key_pair.key_pair",
            "aws_security_group.default_sg",
            "aws_subnet.subnet",
            "aws_vpc.vpc",
            "data.aws_ami.ubuntu"
          ]
        },
        {
          "index_key": 2,
          "schema_version": 0,
          "attributes": {
            "address": null,
            "allocation_id": "eipalloc-0cf90badfaac4f183",
            "associate_with_private_ip": null,
            "association_id": "eipassoc-073948a77d59b94f6",
            "carrier_ip": "",
            "customer_owned_ip": "",
            "customer_owned_ipv4_pool": "",
            "domain": "vpc",
            "id": "eipalloc-0cf90badfaac4f183",
            "instance": "i-0aa093d860805e8ed",
            "network_border_group": "ap-northeast-2",
            "network_interface": "eni-0d93d6edcb0cfc894",
            "private_dns": "ip-192-168-206-181.ap-northeast-2.compute.internal",
            "private_ip": "192.168.206.181",
            "public_dns": "ec2-3-39-105-105.ap-northeast-2.compute.amazonaws.com",
            "public_ip": "3.39.105.105",
            "public_ipv4_pool": "amazon",
            "tags": {
              "Name": "clever-vsup_eip",
              "kubernetes.io/cluster/clever-vsup": "owned"
            },
            "tags_all": {
              "Name": "clever-vsup_eip",
              "kubernetes.io/cluster/clever-vsup": "owned"
            },
            "timeouts": null,
            "vpc": true
          },
          "sensitive_attributes": [],
          "private": "eyJlMmJmYjczMC1lY2FhLTExZTYtOGY4OC0zNDM2M2JjN2M0YzAiOnsiZGVsZXRlIjoxODAwMDAwMDAwMDAsInJlYWQiOjkwMDAwMDAwMDAwMCwidXBkYXRlIjozMDAwMDAwMDAwMDB9fQ==",
          "dependencies": [
            "aws_iam_instance_profile.ec2_k8s_master_profile",
            "aws_iam_role.ec2_k8s_master_role",
            "aws_instance.instance",
            "aws_internet_gateway.internet_gateway",
            "aws_key_pair.key_pair",
            "aws_security_group.default_sg",
            "aws_subnet.subnet",
            "aws_vpc.vpc",
            "data.aws_ami.ubuntu"
          ]
        }
      ]
    },
    {
      "mode": "managed",
      "type": "aws_iam_instance_profile",
      "name": "ec2_k8s_master_profile",
      "provider": "provider[\"registry.terraform.io/hashicorp/aws\"]",
      "instances": [
        {
          "schema_version": 0,
          "attributes": {
            "arn": "arn:aws:iam::056936070848:instance-profile/clever-vsup_ec2_k8s_master_profile",
            "create_date": "2023-03-08T06:39:27Z",
            "id": "clever-vsup_ec2_k8s_master_profile",
            "name": "clever-vsup_ec2_k8s_master_profile",
            "name_prefix": null,
            "path": "/",
            "role": "clever-vsup_ec2_k8s_master_role",
            "tags": null,
            "tags_all": {},
            "unique_id": "AIPAQ2QNHP3AJP647RKHI"
          },
          "sensitive_attributes": [],
          "private": "bnVsbA==",
          "dependencies": [
            "aws_iam_role.ec2_k8s_master_role"
          ]
        }
      ]
    },
    {
      "mode": "managed",
      "type": "aws_iam_policy",
      "name": "ec2_k8s_master_policy",
      "provider": "provider[\"registry.terraform.io/hashicorp/aws\"]",
      "instances": [
        {
          "schema_version": 0,
          "attributes": {
            "arn": "arn:aws:iam::056936070848:policy/clever-vsup_ec2_k8s_master_policy",
            "description": "ec2_k8s_master_policy",
            "id": "arn:aws:iam::056936070848:policy/clever-vsup_ec2_k8s_master_policy",
            "name": "clever-vsup_ec2_k8s_master_policy",
            "name_prefix": null,
            "path": "/",
            "policy": "{\"Statement\":[{\"Action\":[\"autoscaling:DescribeAutoScalingGroups\",\"autoscaling:DescribeLaunchConfigurations\",\"autoscaling:DescribeTags\",\"ec2:DescribeInstances\",\"ec2:DescribeRegions\",\"ec2:DescribeRouteTables\",\"ec2:DescribeSecurityGroups\",\"ec2:DescribeSubnets\",\"ec2:DescribeVolumes\",\"ec2:CreateSecurityGroup\",\"ec2:CreateTags\",\"ec2:CreateVolume\",\"ec2:ModifyInstanceAttribute\",\"ec2:ModifyVolume\",\"ec2:AttachVolume\",\"ec2:AuthorizeSecurityGroupIngress\",\"ec2:CreateRoute\",\"ec2:DeleteRoute\",\"ec2:DeleteSecurityGroup\",\"ec2:DeleteVolume\",\"ec2:DetachVolume\",\"ec2:RevokeSecurityGroupIngress\",\"ec2:DescribeVpcs\",\"elasticloadbalancing:AddTags\",\"elasticloadbalancing:AttachLoadBalancerToSubnets\",\"elasticloadbalancing:ApplySecurityGroupsToLoadBalancer\",\"elasticloadbalancing:CreateLoadBalancer\",\"elasticloadbalancing:CreateLoadBalancerPolicy\",\"elasticloadbalancing:CreateLoadBalancerListeners\",\"elasticloadbalancing:ConfigureHealthCheck\",\"elasticloadbalancing:DeleteLoadBalancer\",\"elasticloadbalancing:DeleteLoadBalancerListeners\",\"elasticloadbalancing:DescribeLoadBalancers\",\"elasticloadbalancing:DescribeLoadBalancerAttributes\",\"elasticloadbalancing:DetachLoadBalancerFromSubnets\",\"elasticloadbalancing:DeregisterInstancesFromLoadBalancer\",\"elasticloadbalancing:ModifyLoadBalancerAttributes\",\"elasticloadbalancing:RegisterInstancesWithLoadBalancer\",\"elasticloadbalancing:SetLoadBalancerPoliciesForBackendServer\",\"elasticloadbalancing:AddTags\",\"elasticloadbalancing:CreateListener\",\"elasticloadbalancing:CreateTargetGroup\",\"elasticloadbalancing:DeleteListener\",\"elasticloadbalancing:DeleteTargetGroup\",\"elasticloadbalancing:DescribeListeners\",\"elasticloadbalancing:DescribeLoadBalancerPolicies\",\"elasticloadbalancing:DescribeTargetGroups\",\"elasticloadbalancing:DescribeTargetHealth\",\"elasticloadbalancing:ModifyListener\",\"elasticloadbalancing:ModifyTargetGroup\",\"elasticloadbalancing:RegisterTargets\",\"elasticloadbalancing:SetLoadBalancerPoliciesOfListener\",\"iam:CreateServiceLinkedRole\",\"kms:DescribeKey\"],\"Effect\":\"Allow\",\"Resource\":\"*\"}],\"Version\":\"2012-10-17\"}",
            "policy_id": "ANPAQ2QNHP3AKNVRTC72R",
            "tags": null,
            "tags_all": {}
          },
          "sensitive_attributes": [],
          "private": "bnVsbA=="
        }
      ]
    },
    {
      "mode": "managed",
      "type": "aws_iam_role",
      "name": "ec2_k8s_master_role",
      "provider": "provider[\"registry.terraform.io/hashicorp/aws\"]",
      "instances": [
        {
          "schema_version": 0,
          "attributes": {
            "arn": "arn:aws:iam::056936070848:role/clever-vsup_ec2_k8s_master_role",
            "assume_role_policy": "{\"Statement\":[{\"Action\":\"sts:AssumeRole\",\"Effect\":\"Allow\",\"Principal\":{\"Service\":\"ec2.amazonaws.com\"},\"Sid\":\"\"}],\"Version\":\"2012-10-17\"}",
            "create_date": "2023-03-08T06:39:26Z",
            "description": "",
            "force_detach_policies": false,
            "id": "clever-vsup_ec2_k8s_master_role",
            "inline_policy": [],
            "managed_policy_arns": [],
            "max_session_duration": 3600,
            "name": "clever-vsup_ec2_k8s_master_role",
            "name_prefix": "",
            "path": "/",
            "permissions_boundary": null,
            "tags": null,
            "tags_all": {},
            "unique_id": "AROAQ2QNHP3ADROORJ7IS"
          },
          "sensitive_attributes": [],
          "private": "bnVsbA=="
        }
      ]
    },
    {
      "mode": "managed",
      "type": "aws_iam_role_policy_attachment",
      "name": "ec2_master_k8s_attachment",
      "provider": "provider[\"registry.terraform.io/hashicorp/aws\"]",
      "instances": [
        {
          "schema_version": 0,
          "attributes": {
            "id": "clever-vsup_ec2_k8s_master_role-20230308063926904500000001",
            "policy_arn": "arn:aws:iam::056936070848:policy/clever-vsup_ec2_k8s_master_policy",
            "role": "clever-vsup_ec2_k8s_master_role"
          },
          "sensitive_attributes": [],
          "private": "bnVsbA==",
          "dependencies": [
            "aws_iam_policy.ec2_k8s_master_policy",
            "aws_iam_role.ec2_k8s_master_role"
          ]
        }
      ]
    },
    {
      "mode": "managed",
      "type": "aws_instance",
      "name": "instance",
      "provider": "provider[\"registry.terraform.io/hashicorp/aws\"]",
      "instances": [
        {
          "index_key": 0,
          "schema_version": 1,
          "attributes": {
            "ami": "ami-034000b759564de42",
            "arn": "arn:aws:ec2:ap-northeast-2:056936070848:instance/i-0467b0537c06432ce",
            "associate_public_ip_address": true,
            "availability_zone": "ap-northeast-2a",
            "capacity_reservation_specification": [
              {
                "capacity_reservation_preference": "open",
                "capacity_reservation_target": []
              }
            ],
            "cpu_core_count": 2,
            "cpu_threads_per_core": 2,
            "credit_specification": [
              {
                "cpu_credits": "unlimited"
              }
            ],
            "disable_api_stop": false,
            "disable_api_termination": false,
            "ebs_block_device": [],
            "ebs_optimized": false,
            "enclave_options": [
              {
                "enabled": false
              }
            ],
            "ephemeral_block_device": [],
            "get_password_data": false,
            "hibernation": false,
            "host_id": "",
            "host_resource_group_arn": null,
            "iam_instance_profile": "clever-vsup_ec2_k8s_master_profile",
            "id": "i-0467b0537c06432ce",
            "instance_initiated_shutdown_behavior": "stop",
            "instance_state": "running",
            "instance_type": "t3a.xlarge",
            "ipv6_address_count": 0,
            "ipv6_addresses": [],
            "key_name": "clever-vsup_key_pair",
            "launch_template": [],
            "maintenance_options": [
              {
                "auto_recovery": "default"
              }
            ],
            "metadata_options": [
              {
                "http_endpoint": "enabled",
                "http_put_response_hop_limit": 1,
                "http_tokens": "optional",
                "instance_metadata_tags": "disabled"
              }
            ],
            "monitoring": false,
            "network_interface": [],
            "outpost_arn": "",
            "password_data": "",
            "placement_group": "",
            "placement_partition_number": 0,
            "primary_network_interface_id": "eni-0b25e0dbfc2db966b",
            "private_dns": "ip-192-168-224-217.ap-northeast-2.compute.internal",
            "private_dns_name_options": [
              {
                "enable_resource_name_dns_a_record": false,
                "enable_resource_name_dns_aaaa_record": false,
                "hostname_type": "ip-name"
              }
            ],
            "private_ip": "192.168.224.217",
            "public_dns": "ec2-54-180-128-130.ap-northeast-2.compute.amazonaws.com",
            "public_ip": "54.180.128.130",
            "root_block_device": [
              {
                "delete_on_termination": true,
                "device_name": "/dev/sda1",
                "encrypted": false,
                "iops": 3000,
                "kms_key_id": "",
                "tags": {
                  "Name": "root_volume_clever-vsup",
                  "kubernetes.io/cluster/clever-vsup": "owned"
                },
                "throughput": 125,
                "volume_id": "vol-00906cb5af0cbb3c2",
                "volume_size": 256,
                "volume_type": "gp3"
              }
            ],
            "secondary_private_ips": [],
            "security_groups": [],
            "source_dest_check": true,
            "subnet_id": "subnet-0e8e89ab1e828d519",
            "tags": {
              "Name": "clever-vsup-0",
              "Schedule": "running",
              "kubernetes.io/cluster/clever-vsup": "owned"
            },
            "tags_all": {
              "Name": "clever-vsup-0",
              "Schedule": "running",
              "kubernetes.io/cluster/clever-vsup": "owned"
            },
            "tenancy": "default",
            "timeouts": null,
            "user_data": null,
            "user_data_base64": null,
            "user_data_replace_on_change": false,
            "volume_tags": null,
            "vpc_security_group_ids": [
              "sg-0ec770c8398e52141"
            ]
          },
          "sensitive_attributes": [],
          "private": "eyJlMmJmYjczMC1lY2FhLTExZTYtOGY4OC0zNDM2M2JjN2M0YzAiOnsiY3JlYXRlIjo2MDAwMDAwMDAwMDAsImRlbGV0ZSI6MTIwMDAwMDAwMDAwMCwidXBkYXRlIjo2MDAwMDAwMDAwMDB9LCJzY2hlbWFfdmVyc2lvbiI6IjEifQ==",
          "dependencies": [
            "aws_iam_instance_profile.ec2_k8s_master_profile",
            "aws_iam_role.ec2_k8s_master_role",
            "aws_key_pair.key_pair",
            "aws_security_group.default_sg",
            "aws_subnet.subnet",
            "aws_vpc.vpc",
            "data.aws_ami.ubuntu"
          ]
        },
        {
          "index_key": 1,
          "schema_version": 1,
          "attributes": {
            "ami": "ami-034000b759564de42",
            "arn": "arn:aws:ec2:ap-northeast-2:056936070848:instance/i-06a4aa38a30d1f076",
            "associate_public_ip_address": true,
            "availability_zone": "ap-northeast-2a",
            "capacity_reservation_specification": [
              {
                "capacity_reservation_preference": "open",
                "capacity_reservation_target": []
              }
            ],
            "cpu_core_count": 2,
            "cpu_threads_per_core": 2,
            "credit_specification": [
              {
                "cpu_credits": "unlimited"
              }
            ],
            "disable_api_stop": false,
            "disable_api_termination": false,
            "ebs_block_device": [],
            "ebs_optimized": false,
            "enclave_options": [
              {
                "enabled": false
              }
            ],
            "ephemeral_block_device": [],
            "get_password_data": false,
            "hibernation": false,
            "host_id": "",
            "host_resource_group_arn": null,
            "iam_instance_profile": "clever-vsup_ec2_k8s_master_profile",
            "id": "i-06a4aa38a30d1f076",
            "instance_initiated_shutdown_behavior": "stop",
            "instance_state": "running",
            "instance_type": "t3a.xlarge",
            "ipv6_address_count": 0,
            "ipv6_addresses": [],
            "key_name": "clever-vsup_key_pair",
            "launch_template": [],
            "maintenance_options": [
              {
                "auto_recovery": "default"
              }
            ],
            "metadata_options": [
              {
                "http_endpoint": "enabled",
                "http_put_response_hop_limit": 1,
                "http_tokens": "optional",
                "instance_metadata_tags": "disabled"
              }
            ],
            "monitoring": false,
            "network_interface": [],
            "outpost_arn": "",
            "password_data": "",
            "placement_group": "",
            "placement_partition_number": 0,
            "primary_network_interface_id": "eni-0cd4259832b114ae4",
            "private_dns": "ip-192-168-47-189.ap-northeast-2.compute.internal",
            "private_dns_name_options": [
              {
                "enable_resource_name_dns_a_record": false,
                "enable_resource_name_dns_aaaa_record": false,
                "hostname_type": "ip-name"
              }
            ],
            "private_ip": "192.168.47.189",
            "public_dns": "ec2-13-124-165-101.ap-northeast-2.compute.amazonaws.com",
            "public_ip": "13.124.165.101",
            "root_block_device": [
              {
                "delete_on_termination": true,
                "device_name": "/dev/sda1",
                "encrypted": false,
                "iops": 3000,
                "kms_key_id": "",
                "tags": {
                  "Name": "root_volume_clever-vsup",
                  "kubernetes.io/cluster/clever-vsup": "owned"
                },
                "throughput": 125,
                "volume_id": "vol-0354d39cf261c7503",
                "volume_size": 256,
                "volume_type": "gp3"
              }
            ],
            "secondary_private_ips": [],
            "security_groups": [],
            "source_dest_check": true,
            "subnet_id": "subnet-0e8e89ab1e828d519",
            "tags": {
              "Name": "clever-vsup-1",
              "Schedule": "running",
              "kubernetes.io/cluster/clever-vsup": "owned"
            },
            "tags_all": {
              "Name": "clever-vsup-1",
              "Schedule": "running",
              "kubernetes.io/cluster/clever-vsup": "owned"
            },
            "tenancy": "default",
            "timeouts": null,
            "user_data": null,
            "user_data_base64": null,
            "user_data_replace_on_change": false,
            "volume_tags": null,
            "vpc_security_group_ids": [
              "sg-0ec770c8398e52141"
            ]
          },
          "sensitive_attributes": [],
          "private": "eyJlMmJmYjczMC1lY2FhLTExZTYtOGY4OC0zNDM2M2JjN2M0YzAiOnsiY3JlYXRlIjo2MDAwMDAwMDAwMDAsImRlbGV0ZSI6MTIwMDAwMDAwMDAwMCwidXBkYXRlIjo2MDAwMDAwMDAwMDB9LCJzY2hlbWFfdmVyc2lvbiI6IjEifQ==",
          "dependencies": [
            "aws_iam_instance_profile.ec2_k8s_master_profile",
            "aws_iam_role.ec2_k8s_master_role",
            "aws_key_pair.key_pair",
            "aws_security_group.default_sg",
            "aws_subnet.subnet",
            "aws_vpc.vpc",
            "data.aws_ami.ubuntu"
          ]
        },
        {
          "index_key": 2,
          "schema_version": 1,
          "attributes": {
            "ami": "ami-034000b759564de42",
            "arn": "arn:aws:ec2:ap-northeast-2:056936070848:instance/i-0aa093d860805e8ed",
            "associate_public_ip_address": true,
            "availability_zone": "ap-northeast-2a",
            "capacity_reservation_specification": [
              {
                "capacity_reservation_preference": "open",
                "capacity_reservation_target": []
              }
            ],
            "cpu_core_count": 2,
            "cpu_threads_per_core": 2,
            "credit_specification": [
              {
                "cpu_credits": "unlimited"
              }
            ],
            "disable_api_stop": false,
            "disable_api_termination": false,
            "ebs_block_device": [],
            "ebs_optimized": false,
            "enclave_options": [
              {
                "enabled": false
              }
            ],
            "ephemeral_block_device": [],
            "get_password_data": false,
            "hibernation": false,
            "host_id": "",
            "host_resource_group_arn": null,
            "iam_instance_profile": "clever-vsup_ec2_k8s_master_profile",
            "id": "i-0aa093d860805e8ed",
            "instance_initiated_shutdown_behavior": "stop",
            "instance_state": "running",
            "instance_type": "t3a.xlarge",
            "ipv6_address_count": 0,
            "ipv6_addresses": [],
            "key_name": "clever-vsup_key_pair",
            "launch_template": [],
            "maintenance_options": [
              {
                "auto_recovery": "default"
              }
            ],
            "metadata_options": [
              {
                "http_endpoint": "enabled",
                "http_put_response_hop_limit": 1,
                "http_tokens": "optional",
                "instance_metadata_tags": "disabled"
              }
            ],
            "monitoring": false,
            "network_interface": [],
            "outpost_arn": "",
            "password_data": "",
            "placement_group": "",
            "placement_partition_number": 0,
            "primary_network_interface_id": "eni-0d93d6edcb0cfc894",
            "private_dns": "ip-192-168-206-181.ap-northeast-2.compute.internal",
            "private_dns_name_options": [
              {
                "enable_resource_name_dns_a_record": false,
                "enable_resource_name_dns_aaaa_record": false,
                "hostname_type": "ip-name"
              }
            ],
            "private_ip": "192.168.206.181",
            "public_dns": "ec2-13-125-243-229.ap-northeast-2.compute.amazonaws.com",
            "public_ip": "13.125.243.229",
            "root_block_device": [
              {
                "delete_on_termination": true,
                "device_name": "/dev/sda1",
                "encrypted": false,
                "iops": 3000,
                "kms_key_id": "",
                "tags": {
                  "Name": "root_volume_clever-vsup",
                  "kubernetes.io/cluster/clever-vsup": "owned"
                },
                "throughput": 125,
                "volume_id": "vol-0c43d757c8241ec09",
                "volume_size": 256,
                "volume_type": "gp3"
              }
            ],
            "secondary_private_ips": [],
            "security_groups": [],
            "source_dest_check": true,
            "subnet_id": "subnet-0e8e89ab1e828d519",
            "tags": {
              "Name": "clever-vsup-2",
              "Schedule": "running",
              "kubernetes.io/cluster/clever-vsup": "owned"
            },
            "tags_all": {
              "Name": "clever-vsup-2",
              "Schedule": "running",
              "kubernetes.io/cluster/clever-vsup": "owned"
            },
            "tenancy": "default",
            "timeouts": null,
            "user_data": null,
            "user_data_base64": null,
            "user_data_replace_on_change": false,
            "volume_tags": null,
            "vpc_security_group_ids": [
              "sg-0ec770c8398e52141"
            ]
          },
          "sensitive_attributes": [],
          "private": "eyJlMmJmYjczMC1lY2FhLTExZTYtOGY4OC0zNDM2M2JjN2M0YzAiOnsiY3JlYXRlIjo2MDAwMDAwMDAwMDAsImRlbGV0ZSI6MTIwMDAwMDAwMDAwMCwidXBkYXRlIjo2MDAwMDAwMDAwMDB9LCJzY2hlbWFfdmVyc2lvbiI6IjEifQ==",
          "dependencies": [
            "aws_iam_instance_profile.ec2_k8s_master_profile",
            "aws_iam_role.ec2_k8s_master_role",
            "aws_key_pair.key_pair",
            "aws_security_group.default_sg",
            "aws_subnet.subnet",
            "aws_vpc.vpc",
            "data.aws_ami.ubuntu"
          ]
        }
      ]
    },
    {
      "mode": "managed",
      "type": "aws_internet_gateway",
      "name": "internet_gateway",
      "provider": "provider[\"registry.terraform.io/hashicorp/aws\"]",
      "instances": [
        {
          "schema_version": 0,
          "attributes": {
            "arn": "arn:aws:ec2:ap-northeast-2:056936070848:internet-gateway/igw-058c07ecd9994d9f6",
            "id": "igw-058c07ecd9994d9f6",
            "owner_id": "056936070848",
            "tags": {
              "Name": "clever-vsup_igw",
              "kubernetes.io/cluster/clever-vsup": "owned"
            },
            "tags_all": {
              "Name": "clever-vsup_igw",
              "kubernetes.io/cluster/clever-vsup": "owned"
            },
            "timeouts": null,
            "vpc_id": "vpc-0375594711ebe34d5"
          },
          "sensitive_attributes": [],
          "private": "eyJlMmJmYjczMC1lY2FhLTExZTYtOGY4OC0zNDM2M2JjN2M0YzAiOnsiY3JlYXRlIjoxMjAwMDAwMDAwMDAwLCJkZWxldGUiOjEyMDAwMDAwMDAwMDAsInVwZGF0ZSI6MTIwMDAwMDAwMDAwMH19",
          "dependencies": [
            "aws_vpc.vpc"
          ]
        }
      ]
    },
    {
      "mode": "managed",
      "type": "aws_key_pair",
      "name": "key_pair",
      "provider": "provider[\"registry.terraform.io/hashicorp/aws\"]",
      "instances": [
        {
          "schema_version": 1,
          "attributes": {
            "arn": "arn:aws:ec2:ap-northeast-2:056936070848:key-pair/clever-vsup_key_pair",
            "fingerprint": "ff:81:3f:69:12:cd:25:6e:0a:60:e5:70:1e:58:64:bb",
            "id": "clever-vsup_key_pair",
            "key_name": "clever-vsup_key_pair",
            "key_name_prefix": "",
            "key_pair_id": "key-0bab74c432c1aa8a0",
            "key_type": "rsa",
            "public_key": "ssh-rsa AAAAB3NzaC1yc2EAAAADAQABAAABgQDDPUWpuKV9k2C7fccj7YNIkUZmtirPY9RkVV0b+OUgufq58BSR8+CfHUBKziPKenZ82l0A0ZMQvAqGLqX45OkcTs0lCvjJFfuPbKHR7nne+U91zwgpgEsU1oRslMN5jUoYorl9V9HbDs9o4Hl+I/WkWo+TIPNwbxSnP0dtWqQFP89D5R1Id6dZlvgpf9pr86aIMZ339my8GRNHdKlbsWNWpDsVjCNBwRm4zEoHaphyMVCUpdwTMkaBdqOR1xNwjSxLNIzBcskvEJLL6vtggo1sDZpxhr2gd4hgNr/JZMyvNwMyhvKX35NhRhSo0QeC1I4YPcp9lcy2sEz9PEaoWum14LVve9OgvGlPUn1uSKuPIkt0drD1SrJYq5hEfac/NAiRYTkpgLmpb4DCbenvWqHzT98K1lxtGSIc4EGcWwyO72E7Inc192UyrfIsFprnZvuGisLJZUTPYmW2WN/rXjHbx4TbcOSNtNLmnfN1GLEdhpm1bLejmoE75VeNuj0josM= sungyil@sungyilui-MacBookPro.local",
            "tags": {
              "Name": "clever-vsup_key_pair",
              "kubernetes.io/cluster/clever-vsup": "owned"
            },
            "tags_all": {
              "Name": "clever-vsup_key_pair",
              "kubernetes.io/cluster/clever-vsup": "owned"
            }
          },
          "sensitive_attributes": [],
          "private": "eyJzY2hlbWFfdmVyc2lvbiI6IjEifQ=="
        }
      ]
    },
    {
      "mode": "managed",
      "type": "aws_route",
      "name": "route",
      "provider": "provider[\"registry.terraform.io/hashicorp/aws\"]",
      "instances": [
        {
          "schema_version": 0,
          "attributes": {
            "carrier_gateway_id": "",
            "core_network_arn": "",
            "destination_cidr_block": "0.0.0.0/0",
            "destination_ipv6_cidr_block": "",
            "destination_prefix_list_id": "",
            "egress_only_gateway_id": "",
            "gateway_id": "igw-058c07ecd9994d9f6",
            "id": "r-rtb-03ebf020dfbbfac031080289494",
            "instance_id": "",
            "instance_owner_id": "",
            "local_gateway_id": "",
            "nat_gateway_id": "",
            "network_interface_id": "",
            "origin": "CreateRoute",
            "route_table_id": "rtb-03ebf020dfbbfac03",
            "state": "active",
            "timeouts": null,
            "transit_gateway_id": "",
            "vpc_endpoint_id": "",
            "vpc_peering_connection_id": ""
          },
          "sensitive_attributes": [],
          "private": "eyJlMmJmYjczMC1lY2FhLTExZTYtOGY4OC0zNDM2M2JjN2M0YzAiOnsiY3JlYXRlIjozMDAwMDAwMDAwMDAsImRlbGV0ZSI6MzAwMDAwMDAwMDAwLCJ1cGRhdGUiOjEyMDAwMDAwMDAwMH19",
          "dependencies": [
            "aws_internet_gateway.internet_gateway",
            "aws_route_table.route_table",
            "aws_vpc.vpc"
          ]
        }
      ]
    },
    {
      "mode": "managed",
      "type": "aws_route_table",
      "name": "route_table",
      "provider": "provider[\"registry.terraform.io/hashicorp/aws\"]",
      "instances": [
        {
          "schema_version": 0,
          "attributes": {
            "arn": "arn:aws:ec2:ap-northeast-2:056936070848:route-table/rtb-03ebf020dfbbfac03",
            "id": "rtb-03ebf020dfbbfac03",
            "owner_id": "056936070848",
            "propagating_vgws": [],
            "route": [],
            "tags": {
              "Name": "clever-vsup_route_table",
              "kubernetes.io/cluster/clever-vsup": "owned"
            },
            "tags_all": {
              "Name": "clever-vsup_route_table",
              "kubernetes.io/cluster/clever-vsup": "owned"
            },
            "timeouts": null,
            "vpc_id": "vpc-0375594711ebe34d5"
          },
          "sensitive_attributes": [],
          "private": "eyJlMmJmYjczMC1lY2FhLTExZTYtOGY4OC0zNDM2M2JjN2M0YzAiOnsiY3JlYXRlIjozMDAwMDAwMDAwMDAsImRlbGV0ZSI6MzAwMDAwMDAwMDAwLCJ1cGRhdGUiOjEyMDAwMDAwMDAwMH19",
          "dependencies": [
            "aws_vpc.vpc"
          ]
        }
      ]
    },
    {
      "mode": "managed",
      "type": "aws_route_table_association",
      "name": "route_table_association",
      "provider": "provider[\"registry.terraform.io/hashicorp/aws\"]",
      "instances": [
        {
          "schema_version": 0,
          "attributes": {
            "gateway_id": "",
            "id": "rtbassoc-0e10a870126a9afc8",
            "route_table_id": "rtb-03ebf020dfbbfac03",
            "subnet_id": "subnet-0e8e89ab1e828d519"
          },
          "sensitive_attributes": [],
          "private": "bnVsbA==",
          "dependencies": [
            "aws_route_table.route_table",
            "aws_subnet.subnet",
            "aws_vpc.vpc"
          ]
        }
      ]
    },
    {
      "mode": "managed",
      "type": "aws_security_group",
      "name": "default_sg",
      "provider": "provider[\"registry.terraform.io/hashicorp/aws\"]",
      "instances": [
        {
          "schema_version": 1,
          "attributes": {
            "arn": "arn:aws:ec2:ap-northeast-2:056936070848:security-group/sg-0ec770c8398e52141",
            "description": "allow 22, 80",
            "egress": [
              {
                "cidr_blocks": [
                  "0.0.0.0/0"
                ],
                "description": "",
                "from_port": 0,
                "ipv6_cidr_blocks": [
                  "::/0"
                ],
                "prefix_list_ids": [],
                "protocol": "-1",
                "security_groups": [],
                "self": false,
                "to_port": 0
              }
            ],
            "id": "sg-0ec770c8398e52141",
            "ingress": [
              {
                "cidr_blocks": [
                  "0.0.0.0/0"
                ],
                "description": "",
                "from_port": -1,
                "ipv6_cidr_blocks": [],
                "prefix_list_ids": [],
                "protocol": "icmp",
                "security_groups": [],
                "self": false,
                "to_port": -1
              },
              {
                "cidr_blocks": [
                  "0.0.0.0/0"
                ],
                "description": "",
                "from_port": 0,
                "ipv6_cidr_blocks": [],
                "prefix_list_ids": [],
                "protocol": "-1",
                "security_groups": [],
                "self": false,
                "to_port": 0
              }
            ],
            "name": "clever-vsup_default_sg",
            "name_prefix": "",
            "owner_id": "056936070848",
            "revoke_rules_on_delete": false,
            "tags": {
              "Name": "clever-vsup_default_sg",
              "kubernetes.io/cluster/clever-vsup": "owned"
            },
            "tags_all": {
              "Name": "clever-vsup_default_sg",
              "kubernetes.io/cluster/clever-vsup": "owned"
            },
            "timeouts": null,
            "vpc_id": "vpc-0375594711ebe34d5"
          },
          "sensitive_attributes": [],
          "private": "eyJlMmJmYjczMC1lY2FhLTExZTYtOGY4OC0zNDM2M2JjN2M0YzAiOnsiY3JlYXRlIjo2MDAwMDAwMDAwMDAsImRlbGV0ZSI6OTAwMDAwMDAwMDAwfSwic2NoZW1hX3ZlcnNpb24iOiIxIn0=",
          "dependencies": [
            "aws_vpc.vpc"
          ]
        }
      ]
    },
    {
      "mode": "managed",
      "type": "aws_security_group",
      "name": "elb_sg",
      "provider": "provider[\"registry.terraform.io/hashicorp/aws\"]",
      "instances": [
        {
          "schema_version": 1,
          "attributes": {
            "arn": "arn:aws:ec2:ap-northeast-2:056936070848:security-group/sg-0b6c61f7d1c6d83e2",
            "description": "Used in the terraform",
            "egress": [
              {
                "cidr_blocks": [
                  "0.0.0.0/0"
                ],
                "description": "",
                "from_port": 0,
                "ipv6_cidr_blocks": [
                  "::/0"
                ],
                "prefix_list_ids": [],
                "protocol": "-1",
                "security_groups": [],
                "self": false,
                "to_port": 0
              }
            ],
            "id": "sg-0b6c61f7d1c6d83e2",
            "ingress": [
              {
                "cidr_blocks": [
                  "0.0.0.0/0"
                ],
                "description": "",
                "from_port": -1,
                "ipv6_cidr_blocks": [],
                "prefix_list_ids": [],
                "protocol": "icmp",
                "security_groups": [],
                "self": false,
                "to_port": -1
              },
              {
                "cidr_blocks": [
                  "0.0.0.0/0"
                ],
                "description": "",
                "from_port": 0,
                "ipv6_cidr_blocks": [],
                "prefix_list_ids": [],
                "protocol": "-1",
                "security_groups": [],
                "self": false,
                "to_port": 0
              }
            ],
            "name": "clever-vsup_elb_sg",
            "name_prefix": "",
            "owner_id": "056936070848",
            "revoke_rules_on_delete": false,
            "tags": {
              "Name": "clever-vsup_elb_sg",
              "kubernetes.io/cluster/clever-vsup": "owned"
            },
            "tags_all": {
              "Name": "clever-vsup_elb_sg",
              "kubernetes.io/cluster/clever-vsup": "owned"
            },
            "timeouts": null,
            "vpc_id": "vpc-0375594711ebe34d5"
          },
          "sensitive_attributes": [],
          "private": "eyJlMmJmYjczMC1lY2FhLTExZTYtOGY4OC0zNDM2M2JjN2M0YzAiOnsiY3JlYXRlIjo2MDAwMDAwMDAwMDAsImRlbGV0ZSI6OTAwMDAwMDAwMDAwfSwic2NoZW1hX3ZlcnNpb24iOiIxIn0=",
          "dependencies": [
            "aws_internet_gateway.internet_gateway",
            "aws_vpc.vpc"
          ]
        }
      ]
    },
    {
      "mode": "managed",
      "type": "aws_subnet",
      "name": "subnet",
      "provider": "provider[\"registry.terraform.io/hashicorp/aws\"]",
      "instances": [
        {
          "schema_version": 1,
          "attributes": {
            "arn": "arn:aws:ec2:ap-northeast-2:056936070848:subnet/subnet-0e8e89ab1e828d519",
            "assign_ipv6_address_on_creation": false,
            "availability_zone": "ap-northeast-2a",
            "availability_zone_id": "apne2-az1",
            "cidr_block": "192.168.0.0/16",
            "customer_owned_ipv4_pool": "",
            "enable_dns64": false,
            "enable_resource_name_dns_a_record_on_launch": false,
            "enable_resource_name_dns_aaaa_record_on_launch": false,
            "id": "subnet-0e8e89ab1e828d519",
            "ipv6_cidr_block": "",
            "ipv6_cidr_block_association_id": "",
            "ipv6_native": false,
            "map_customer_owned_ip_on_launch": false,
            "map_public_ip_on_launch": true,
            "outpost_arn": "",
            "owner_id": "056936070848",
            "private_dns_hostname_type_on_launch": "ip-name",
            "tags": {
              "Name": "clever-vsup_subnet",
              "kubernetes.io/cluster/clever-vsup": "owned"
            },
            "tags_all": {
              "Name": "clever-vsup_subnet",
              "kubernetes.io/cluster/clever-vsup": "owned"
            },
            "timeouts": null,
            "vpc_id": "vpc-0375594711ebe34d5"
          },
          "sensitive_attributes": [],
          "private": "eyJlMmJmYjczMC1lY2FhLTExZTYtOGY4OC0zNDM2M2JjN2M0YzAiOnsiY3JlYXRlIjo2MDAwMDAwMDAwMDAsImRlbGV0ZSI6MTIwMDAwMDAwMDAwMH0sInNjaGVtYV92ZXJzaW9uIjoiMSJ9",
          "dependencies": [
            "aws_vpc.vpc"
          ]
        }
      ]
    },
    {
      "mode": "managed",
      "type": "aws_vpc",
      "name": "vpc",
      "provider": "provider[\"registry.terraform.io/hashicorp/aws\"]",
      "instances": [
        {
          "schema_version": 1,
          "attributes": {
            "arn": "arn:aws:ec2:ap-northeast-2:056936070848:vpc/vpc-0375594711ebe34d5",
            "assign_generated_ipv6_cidr_block": false,
            "cidr_block": "192.168.0.0/16",
            "default_network_acl_id": "acl-075488bd4ea91fe02",
            "default_route_table_id": "rtb-0f8578087a2719185",
            "default_security_group_id": "sg-0018191684fb7ef6f",
            "dhcp_options_id": "dopt-16ec487d",
            "enable_classiclink": false,
            "enable_classiclink_dns_support": false,
            "enable_dns_hostnames": true,
            "enable_dns_support": true,
            "enable_network_address_usage_metrics": false,
            "id": "vpc-0375594711ebe34d5",
            "instance_tenancy": "default",
            "ipv4_ipam_pool_id": null,
            "ipv4_netmask_length": null,
            "ipv6_association_id": "",
            "ipv6_cidr_block": "",
            "ipv6_cidr_block_network_border_group": "",
            "ipv6_ipam_pool_id": "",
            "ipv6_netmask_length": 0,
            "main_route_table_id": "rtb-0f8578087a2719185",
            "owner_id": "056936070848",
            "tags": {
              "Name": "clever-vsup_vpc",
              "kubernetes.io/cluster/clever-vsup": "owned"
            },
            "tags_all": {
              "Name": "clever-vsup_vpc",
              "kubernetes.io/cluster/clever-vsup": "owned"
            }
          },
          "sensitive_attributes": [],
          "private": "eyJzY2hlbWFfdmVyc2lvbiI6IjEifQ=="
        }
      ]
    }
  ],
  "check_results": []
}
